
Microsoft Visual Studio Solution File, Format Version 12.00
# Visual Studio 15
VisualStudioVersion = 15.0.28010.2036
MinimumVisualStudioVersion = 10.0.40219.1
Project("{FAE04EC0-301F-11D3-BF4B-00C04F79EFBC}") = "netcore1", "netcore1\netcore1.csproj", "{EBF6A52B-F668-4792-8941-9924A6697C16}"
EndProject
Global
	GlobalSection(SolutionConfigurationPlatforms) = preSolution
		Debug|Any CPU = Debug|Any CPU
		Release|Any CPU = Release|Any CPU
	EndGlobalSection
	GlobalSection(ProjectConfigurationPlatforms) = postSolution
		{EBF6A52B-F668-4792-8941-9924A6697C16}.Debug|Any CPU.ActiveCfg = Debug|Any CPU
		{EBF6A52B-F668-4792-8941-9924A6697C16}.Debug|Any CPU.Build.0 = Debug|Any CPU
		{EBF6A52B-F668-4792-8941-9924A6697C16}.Release|Any CPU.ActiveCfg = Release|Any CPU
		{EBF6A52B-F668-4792-8941-9924A6697C16}.Release|Any CPU.Build.0 = Release|Any CPU
	EndGlobalSection
	GlobalSection(SolutionProperties) = preSolution
		HideSolutionNode = FALSE
	EndGlobalSection
	GlobalSection(ExtensibilityGlobals) = postSolution
		SolutionGuid = {FA544AAD-4097-4798-AFE2-E49E5229365F}
	EndGlobalSection
EndGlobal
